
Microsoft Visual Studio Solution File, Format Version 12.00
# Visual Studio Version 16
VisualStudioVersion = 16.0.31424.327
MinimumVisualStudioVersion = 10.0.40219.1
Project("{FAE04EC0-301F-11D3-BF4B-00C04F79EFBC}") = "ModelsAndModelBinding", "ModelsAndModelBinding\ModelsAndModelBinding.csproj", "{50F4AC6C-60DB-4462-AEEB-E2B7485687B4}"
EndProject
Global
	GlobalSection(SolutionConfigurationPlatforms) = preSolution
		Debug|Any CPU = Debug|Any CPU
		Release|Any CPU = Release|Any CPU
	EndGlobalSection
	GlobalSection(ProjectConfigurationPlatforms) = postSolution
		{50F4AC6C-60DB-4462-AEEB-E2B7485687B4}.Debug|Any CPU.ActiveCfg = Debug|Any CPU
		{50F4AC6C-60DB-4462-AEEB-E2B7485687B4}.Debug|Any CPU.Build.0 = Debug|Any CPU
		{50F4AC6C-60DB-4462-AEEB-E2B7485687B4}.Release|Any CPU.ActiveCfg = Release|Any CPU
		{50F4AC6C-60DB-4462-AEEB-E2B7485687B4}.Release|Any CPU.Build.0 = Release|Any CPU
	EndGlobalSection
	GlobalSection(SolutionProperties) = preSolution
		HideSolutionNode = FALSE
	EndGlobalSection
	GlobalSection(ExtensibilityGlobals) = postSolution
		SolutionGuid = {6910D7B7-B480-450E-80E8-9BD55BE46C97}
	EndGlobalSection
EndGlobal
